{
    "_readme": [
        "This file locks the dependencies of your project to a known state",
        "Read more about it at https://getcomposer.org/doc/01-basic-usage.md#composer-lock-the-lock-file",
        "This file is @generated automatically"
    ],
    "hash": "dc6691435a8a72a7c07e530e372dd820",
    "content-hash": "604b2ee129c418507076a2048f917a9d",
    "packages": [
        {
            "name": "bashibozuk/httpstub",
            "version": "dev-master",
            "source": {
                "type": "git",
                "url": "https://github.com/bashibozuk/HttpStub.git",
                "reference": "c8c8bcd8d9a43c2f5085d4a97a29300cf4da08f1"
            },
            "dist": {
                "type": "zip",
                "url": "https://api.github.com/repos/bashibozuk/HttpStub/zipball/c8c8bcd8d9a43c2f5085d4a97a29300cf4da08f1",
                "reference": "c8c8bcd8d9a43c2f5085d4a97a29300cf4da08f1",
                "shasum": ""
            },
            "require": {
                "php": ">=5.4.0"
            },
            "type": "library",
            "autoload": {
                "psr-4": {
                    "HttpStub\\": ""
                }
            },
            "license": [
                "MIT"
            ],
            "authors": [
                {
                    "name": "Vasil Atanasov",
                    "email": "vsatanasov@gmail.com"
                }
            ],
            "description": "rest http stub server with document-like key value json based storage",
            "support": {
                "source": "https://github.com/bashibozuk/HttpStub/tree/master",
                "issues": "https://github.com/bashibozuk/HttpStub/issues"
            },
            "time": "2016-01-27 08:33:30"
        }
    ],
    "packages-dev": [],
    "aliases": [],
    "minimum-stability": "dev",
    "stability-flags": [],
    "prefer-stable": false,
    "prefer-lowest": false,
    "platform": [],
    "platform-dev": []
}
